
Microsoft Visual Studio Solution File, Format Version 12.00
# Visual Studio 15
VisualStudioVersion = 15.0.26228.9
MinimumVisualStudioVersion = 10.0.40219.1
Project("{FAE04EC0-301F-11D3-BF4B-00C04F79EFBC}") = "IEEE", "IEEE\IEEE.csproj", "{C04063F8-F897-4555-B4D1-BE67D965883F}"
EndProject
Global
	GlobalSection(SolutionConfigurationPlatforms) = preSolution
		Debug|Any CPU = Debug|Any CPU
		Release|Any CPU = Release|Any CPU
	EndGlobalSection
	GlobalSection(ProjectConfigurationPlatforms) = postSolution
		{C04063F8-F897-4555-B4D1-BE67D965883F}.Debug|Any CPU.ActiveCfg = Debug|Any CPU
		{C04063F8-F897-4555-B4D1-BE67D965883F}.Debug|Any CPU.Build.0 = Debug|Any CPU
		{C04063F8-F897-4555-B4D1-BE67D965883F}.Release|Any CPU.ActiveCfg = Release|Any CPU
		{C04063F8-F897-4555-B4D1-BE67D965883F}.Release|Any CPU.Build.0 = Release|Any CPU
	EndGlobalSection
	GlobalSection(SolutionProperties) = preSolution
		HideSolutionNode = FALSE
	EndGlobalSection
EndGlobal
